<?xml version="1.0" encoding="utf-8"?>
<Project ToolsVersion="4.0" xmlns="http://schemas.microsoft.com/developer/msbuild/2003">
  <ItemGroup>
    <ClCompile Include="Src\Main.cpp" />
    <ClCompile Include="Src\Input.cpp" />
    <ClCompile Include="Src\VulkanMemory.cpp">
      <Filter>Vulkan</Filter>
    </ClCompile>
    <ClCompile Include="Src\VulkanContext.cpp">
      <Filter>Vulkan</Filter>
    </ClCompile>
    <ClCompile Include="Src\Mesh.cpp">
      <Filter>Rendering</Filter>
    </ClCompile>
    <ClCompile Include="include\Imgui\imgui.cpp">
      <Filter>ImGui</Filter>
    </ClCompile>
    <ClCompile Include="include\Imgui\imgui_demo.cpp">
      <Filter>ImGui</Filter>
    </ClCompile>
    <ClCompile Include="include\Imgui\imgui_draw.cpp">
      <Filter>ImGui</Filter>
    </ClCompile>
    <ClCompile Include="include\Imgui\imgui_impl_glfw.cpp">
      <Filter>ImGui</Filter>
    </ClCompile>
    <ClCompile Include="include\Imgui\imgui_impl_vulkan.cpp">
      <Filter>ImGui</Filter>
    </ClCompile>
    <ClCompile Include="include\Imgui\imgui_widgets.cpp">
      <Filter>ImGui</Filter>
    </ClCompile>
    <ClCompile Include="Src\Texture.cpp">
      <Filter>Rendering</Filter>
    </ClCompile>
    <ClCompile Include="Src\Lights.cpp">
      <Filter>Rendering</Filter>
    </ClCompile>
    <ClCompile Include="Src\RenderTarget.cpp">
      <Filter>Rendering</Filter>
    </ClCompile>
    <ClCompile Include="Src\Scene.cpp">
      <Filter>Rendering</Filter>
    </ClCompile>
    <ClCompile Include="Src\Renderer.cpp">
      <Filter>Rendering</Filter>
    </ClCompile>
    <ClCompile Include="Src\RenderTaskGBuffer.cpp">
      <Filter>Rendering\RenderTasks</Filter>
    </ClCompile>
    <ClCompile Include="Src\RenderTaskLighting.cpp">
      <Filter>Rendering\RenderTasks</Filter>
    </ClCompile>
    <ClCompile Include="Src\RenderTaskPostProcess.cpp">
      <Filter>Rendering\RenderTasks</Filter>
    </ClCompile>
    <ClCompile Include="Src\RenderTaskShadow.cpp">
      <Filter>Rendering\RenderTasks</Filter>
    </ClCompile>
    <ClCompile Include="Src\Camera.cpp">
      <Filter>Rendering\Camera</Filter>
    </ClCompile>
    <ClCompile Include="Src\Frustum.cpp">
      <Filter>Rendering\Camera</Filter>
    </ClCompile>
    <ClCompile Include="Src\Animation.cpp">
      <Filter>Rendering\Animation</Filter>
    </ClCompile>
    <ClCompile Include="Src\AssetLoader.cpp">
      <Filter>Rendering</Filter>
    </ClCompile>
    <ClCompile Include="Src\AnimatedMesh.cpp">
      <Filter>Rendering\Animation</Filter>
    </ClCompile>
    <ClCompile Include="Src\Gizmo.cpp">
      <Filter>Rendering</Filter>
    </ClCompile>
  </ItemGroup>
  <ItemGroup>
    <ClInclude Include="Src\Types.h" />
    <ClInclude Include="Src\Util.h" />
    <ClInclude Include="Src\Math.h">
      <Filter>Math</Filter>
    </ClInclude>
    <ClInclude Include="Src\Matrix4.h">
      <Filter>Math</Filter>
    </ClInclude>
    <ClInclude Include="Src\Quaternion.h">
      <Filter>Math</Filter>
    </ClInclude>
    <ClInclude Include="Src\Vector2.h">
      <Filter>Math</Filter>
    </ClInclude>
    <ClInclude Include="Src\Vector3.h">
      <Filter>Math</Filter>
    </ClInclude>
    <ClInclude Include="Src\Input.h" />
    <ClInclude Include="Src\VulkanContext.h">
      <Filter>Vulkan</Filter>
    </ClInclude>
    <ClInclude Include="Src\VulkanMemory.h">
      <Filter>Vulkan</Filter>
    </ClInclude>
    <ClInclude Include="Src\VulkanCheck.h">
      <Filter>Vulkan</Filter>
    </ClInclude>
    <ClInclude Include="Src\Mesh.h">
      <Filter>Rendering</Filter>
    </ClInclude>
    <ClInclude Include="include\Imgui\imconfig.h">
      <Filter>ImGui</Filter>
    </ClInclude>
    <ClInclude Include="include\Imgui\imgui.h">
      <Filter>ImGui</Filter>
    </ClInclude>
    <ClInclude Include="include\Imgui\imgui_impl_glfw.h">
      <Filter>ImGui</Filter>
    </ClInclude>
    <ClInclude Include="include\Imgui\imgui_impl_vulkan.h">
      <Filter>ImGui</Filter>
    </ClInclude>
    <ClInclude Include="include\Imgui\imgui_internal.h">
      <Filter>ImGui</Filter>
    </ClInclude>
    <ClInclude Include="include\Imgui\imstb_rectpack.h">
      <Filter>ImGui</Filter>
    </ClInclude>
    <ClInclude Include="include\Imgui\imstb_textedit.h">
      <Filter>ImGui</Filter>
    </ClInclude>
    <ClInclude Include="include\Imgui\imstb_truetype.h">
      <Filter>ImGui</Filter>
    </ClInclude>
    <ClInclude Include="Src\Texture.h">
      <Filter>Rendering</Filter>
    </ClInclude>
    <ClInclude Include="Src\Lights.h">
      <Filter>Rendering</Filter>
    </ClInclude>
    <ClInclude Include="Src\RenderTarget.h">
      <Filter>Rendering</Filter>
    </ClInclude>
    <ClInclude Include="Src\Transform.h">
      <Filter>Math</Filter>
    </ClInclude>
    <ClInclude Include="Src\Scene.h">
      <Filter>Rendering</Filter>
    </ClInclude>
    <ClInclude Include="Src\Renderer.h">
      <Filter>Rendering</Filter>
    </ClInclude>
    <ClInclude Include="Src\RenderTaskGBuffer.h">
      <Filter>Rendering\RenderTasks</Filter>
    </ClInclude>
    <ClInclude Include="Src\RenderTaskLighting.h">
      <Filter>Rendering\RenderTasks</Filter>
    </ClInclude>
    <ClInclude Include="Src\RenderTaskPostProcess.h">
      <Filter>Rendering\RenderTasks</Filter>
    </ClInclude>
    <ClInclude Include="Src\RenderTaskShadow.h">
      <Filter>Rendering\RenderTasks</Filter>
    </ClInclude>
    <ClInclude Include="Src\Camera.h">
      <Filter>Rendering\Camera</Filter>
    </ClInclude>
    <ClInclude Include="Src\Frustum.h">
      <Filter>Rendering\Camera</Filter>
    </ClInclude>
    <ClInclude Include="Src\Animation.h">
      <Filter>Rendering\Animation</Filter>
    </ClInclude>
    <ClInclude Include="Src\AssetLoader.h">
      <Filter>Rendering</Filter>
    </ClInclude>
    <ClInclude Include="Src\AnimatedMesh.h">
      <Filter>Rendering\Animation</Filter>
    </ClInclude>
    <ClInclude Include="Src\Material.h">
      <Filter>Rendering</Filter>
    </ClInclude>
    <ClInclude Include="Src\Gizmo.h">
      <Filter>Rendering</Filter>
    </ClInclude>
    <ClInclude Include="Src\AABB.h">
      <Filter>Math</Filter>
    </ClInclude>
  </ItemGroup>
  <ItemGroup>
    <Filter Include="Math">
      <UniqueIdentifier>{87256be7-8365-43e6-85f2-07539b276ba0}</UniqueIdentifier>
    </Filter>
    <Filter Include="Vulkan">
      <UniqueIdentifier>{3a36d78c-fedc-4e5b-9443-90d28a351033}</UniqueIdentifier>
    </Filter>
    <Filter Include="ImGui">
      <UniqueIdentifier>{85f3b247-bb87-4a26-8d30-28e71bf18bbf}</UniqueIdentifier>
    </Filter>
    <Filter Include="Rendering">
      <UniqueIdentifier>{e4cf129a-4cc2-47f3-8c80-871ae0b1bddf}</UniqueIdentifier>
    </Filter>
    <Filter Include="Shaders">
      <UniqueIdentifier>{d6a36b92-3129-4ad5-9507-cc67fd629a9f}</UniqueIdentifier>
    </Filter>
    <Filter Include="Rendering\RenderTasks">
      <UniqueIdentifier>{8bb7fd82-41cc-405c-bdee-42b67b4d21b2}</UniqueIdentifier>
    </Filter>
    <Filter Include="Rendering\Camera">
      <UniqueIdentifier>{2f3a18fc-2c9a-4b9e-8462-983cd510ff50}</UniqueIdentifier>
    </Filter>
    <Filter Include="Rendering\Animation">
      <UniqueIdentifier>{463c35e9-c77c-453b-9298-ff60eeaaaad7}</UniqueIdentifier>
    </Filter>
  </ItemGroup>
  <ItemGroup>
    <CustomBuild Include="Shaders\light_directional.frag">
      <Filter>Shaders</Filter>
    </CustomBuild>
    <CustomBuild Include="Shaders\light_directional.vert">
      <Filter>Shaders</Filter>
    </CustomBuild>
    <CustomBuild Include="Shaders\light_point.frag">
      <Filter>Shaders</Filter>
    </CustomBuild>
    <CustomBuild Include="Shaders\light_point.vert">
      <Filter>Shaders</Filter>
    </CustomBuild>
    <CustomBuild Include="Shaders\light_spot.frag">
      <Filter>Shaders</Filter>
    </CustomBuild>
    <CustomBuild Include="Shaders\light_spot.vert">
      <Filter>Shaders</Filter>
    </CustomBuild>
    <CustomBuild Include="Shaders\post_process.frag">
      <Filter>Shaders</Filter>
    </CustomBuild>
    <CustomBuild Include="Shaders\post_process.vert">
      <Filter>Shaders</Filter>
    </CustomBuild>
    <CustomBuild Include="Shaders\sky.frag">
      <Filter>Shaders</Filter>
    </CustomBuild>
    <CustomBuild Include="Shaders\sky.vert">
      <Filter>Shaders</Filter>
    </CustomBuild>
    <CustomBuild Include="Shaders\geometry.frag">
      <Filter>Shaders</Filter>
    </CustomBuild>
    <CustomBuild Include="Shaders\geometry_animated.vert">
      <Filter>Shaders</Filter>
    </CustomBuild>
    <CustomBuild Include="Shaders\geometry_static.vert">
      <Filter>Shaders</Filter>
    </CustomBuild>
    <CustomBuild Include="Shaders\shadow_animated.vert">
      <Filter>Shaders</Filter>
    </CustomBuild>
    <CustomBuild Include="Shaders\shadow_static.vert">
      <Filter>Shaders</Filter>
    </CustomBuild>
  </ItemGroup>
  <ItemGroup>
    <None Include="Shaders\gizmo.frag">
      <Filter>Shaders</Filter>
    </None>
    <None Include="Shaders\gizmo.vert">
      <Filter>Shaders</Filter>
    </None>
  </ItemGroup>
</Project>