<?xml version="1.0" encoding="utf-8"?>
<Project ToolsVersion="4.0" xmlns="http://schemas.microsoft.com/developer/msbuild/2003">
  <ItemGroup>
    <ClCompile Include="Src\Main.cpp" />
    <ClCompile Include="Src\Input.cpp" />
    <ClCompile Include="Src\VulkanMemory.cpp">
      <Filter>Vulkan</Filter>
    </ClCompile>
    <ClCompile Include="Src\VulkanContext.cpp">
      <Filter>Vulkan</Filter>
    </ClCompile>
    <ClCompile Include="Src\VulkanRenderer.cpp">
      <Filter>Vulkan</Filter>
    </ClCompile>
    <ClCompile Include="Src\Mesh.cpp">
      <Filter>Rendering</Filter>
    </ClCompile>
    <ClCompile Include="include\Imgui\imgui.cpp">
      <Filter>ImGui</Filter>
    </ClCompile>
    <ClCompile Include="include\Imgui\imgui_demo.cpp">
      <Filter>ImGui</Filter>
    </ClCompile>
    <ClCompile Include="include\Imgui\imgui_draw.cpp">
      <Filter>ImGui</Filter>
    </ClCompile>
    <ClCompile Include="include\Imgui\imgui_impl_glfw.cpp">
      <Filter>ImGui</Filter>
    </ClCompile>
    <ClCompile Include="include\Imgui\imgui_impl_vulkan.cpp">
      <Filter>ImGui</Filter>
    </ClCompile>
    <ClCompile Include="include\Imgui\imgui_widgets.cpp">
      <Filter>ImGui</Filter>
    </ClCompile>
    <ClCompile Include="Src\Texture.cpp">
      <Filter>Rendering</Filter>
    </ClCompile>
    <ClCompile Include="Src\Camera.cpp">
      <Filter>Rendering</Filter>
    </ClCompile>
    <ClCompile Include="Src\GBuffer.cpp">
      <Filter>Rendering</Filter>
    </ClCompile>
    <ClCompile Include="Src\Lights.cpp">
      <Filter>Rendering</Filter>
    </ClCompile>
  </ItemGroup>
  <ItemGroup>
    <ClInclude Include="Src\Types.h" />
    <ClInclude Include="Src\Util.h" />
    <ClInclude Include="Src\Math.h">
      <Filter>Math</Filter>
    </ClInclude>
    <ClInclude Include="Src\Matrix4.h">
      <Filter>Math</Filter>
    </ClInclude>
    <ClInclude Include="Src\Quaternion.h">
      <Filter>Math</Filter>
    </ClInclude>
    <ClInclude Include="Src\Vector2.h">
      <Filter>Math</Filter>
    </ClInclude>
    <ClInclude Include="Src\Vector3.h">
      <Filter>Math</Filter>
    </ClInclude>
    <ClInclude Include="Src\Input.h" />
    <ClInclude Include="Src\VulkanContext.h">
      <Filter>Vulkan</Filter>
    </ClInclude>
    <ClInclude Include="Src\VulkanMemory.h">
      <Filter>Vulkan</Filter>
    </ClInclude>
    <ClInclude Include="Src\VulkanRenderer.h">
      <Filter>Vulkan</Filter>
    </ClInclude>
    <ClInclude Include="Src\VulkanCheck.h">
      <Filter>Vulkan</Filter>
    </ClInclude>
    <ClInclude Include="Src\Mesh.h">
      <Filter>Rendering</Filter>
    </ClInclude>
    <ClInclude Include="include\Imgui\imconfig.h">
      <Filter>ImGui</Filter>
    </ClInclude>
    <ClInclude Include="include\Imgui\imgui.h">
      <Filter>ImGui</Filter>
    </ClInclude>
    <ClInclude Include="include\Imgui\imgui_impl_glfw.h">
      <Filter>ImGui</Filter>
    </ClInclude>
    <ClInclude Include="include\Imgui\imgui_impl_vulkan.h">
      <Filter>ImGui</Filter>
    </ClInclude>
    <ClInclude Include="include\Imgui\imgui_internal.h">
      <Filter>ImGui</Filter>
    </ClInclude>
    <ClInclude Include="include\Imgui\imstb_rectpack.h">
      <Filter>ImGui</Filter>
    </ClInclude>
    <ClInclude Include="include\Imgui\imstb_textedit.h">
      <Filter>ImGui</Filter>
    </ClInclude>
    <ClInclude Include="include\Imgui\imstb_truetype.h">
      <Filter>ImGui</Filter>
    </ClInclude>
    <ClInclude Include="Src\Texture.h">
      <Filter>Rendering</Filter>
    </ClInclude>
    <ClInclude Include="Src\Camera.h">
      <Filter>Rendering</Filter>
    </ClInclude>
    <ClInclude Include="Src\GBuffer.h">
      <Filter>Rendering</Filter>
    </ClInclude>
    <ClInclude Include="Src\Renderable.h">
      <Filter>Rendering</Filter>
    </ClInclude>
    <ClInclude Include="Src\Lights.h">
      <Filter>Rendering</Filter>
    </ClInclude>
  </ItemGroup>
  <ItemGroup>
    <Filter Include="Math">
      <UniqueIdentifier>{87256be7-8365-43e6-85f2-07539b276ba0}</UniqueIdentifier>
    </Filter>
    <Filter Include="Vulkan">
      <UniqueIdentifier>{3a36d78c-fedc-4e5b-9443-90d28a351033}</UniqueIdentifier>
    </Filter>
    <Filter Include="ImGui">
      <UniqueIdentifier>{85f3b247-bb87-4a26-8d30-28e71bf18bbf}</UniqueIdentifier>
    </Filter>
    <Filter Include="Rendering">
      <UniqueIdentifier>{e4cf129a-4cc2-47f3-8c80-871ae0b1bddf}</UniqueIdentifier>
    </Filter>
  </ItemGroup>
</Project>